// !$*UTF8*$!
{
	archiveVersion = 1;
	classes = {
	};
	objectVersion = 77;
	objects = {

/* Begin PBXContainerItemProxy section */
		53DDAABA2CE3AC19001EFF5B /* PBXContainerItemProxy */ = {
			isa = PBXContainerItemProxy;
			containerPortal = 53DDAAA12CE3AC18001EFF5B /* Project object */;
			proxyType = 1;
			remoteGlobalIDString = 53DDAAA82CE3AC18001EFF5B;
			remoteInfo = GItPractice2;
		};
		53DDAAC42CE3AC19001EFF5B /* PBXContainerItemProxy */ = {
			isa = PBXContainerItemProxy;
			containerPortal = 53DDAAA12CE3AC18001EFF5B /* Project object */;
			proxyType = 1;
			remoteGlobalIDString = 53DDAAA82CE3AC18001EFF5B;
			remoteInfo = GItPractice2;
		};
/* End PBXContainerItemProxy section */

/* Begin PBXFileReference section */
		53DDAAA92CE3AC18001EFF5B /* GItPractice2.app */ = {isa = PBXFileReference; explicitFileType = wrapper.application; includeInIndex = 0; path = GItPractice2.app; sourceTree = BUILT_PRODUCTS_DIR; };
		53DDAAB92CE3AC19001EFF5B /* GItPractice2Tests.xctest */ = {isa = PBXFileReference; explicitFileType = wrapper.cfbundle; includeInIndex = 0; path = GItPractice2Tests.xctest; sourceTree = BUILT_PRODUCTS_DIR; };
		53DDAAC32CE3AC19001EFF5B /* GItPractice2UITests.xctest */ = {isa = PBXFileReference; explicitFileType = wrapper.cfbundle; includeInIndex = 0; path = GItPractice2UITests.xctest; sourceTree = BUILT_PRODUCTS_DIR; };
/* End PBXFileReference section */

/* Begin PBXFileSystemSynchronizedRootGroup section */
		53DDAAAB2CE3AC18001EFF5B /* GItPractice2 */ = {
			isa = PBXFileSystemSynchronizedRootGroup;
			path = GItPractice2;
			sourceTree = "<group>";
		};
		53DDAABC2CE3AC19001EFF5B /* GItPractice2Tests */ = {
			isa = PBXFileSystemSynchronizedRootGroup;
			path = GItPractice2Tests;
			sourceTree = "<group>";
		};
		53DDAAC62CE3AC19001EFF5B /* GItPractice2UITests */ = {
			isa = PBXFileSystemSynchronizedRootGroup;
			path = GItPractice2UITests;
			sourceTree = "<group>";
		};
/* End PBXFileSystemSynchronizedRootGroup section */

/* Begin PBXFrameworksBuildPhase section */
		53DDAAA62CE3AC18001EFF5B /* Frameworks */ = {
			isa = PBXFrameworksBuildPhase;
			buildActionMask = 2147483647;
			files = (
			);
			runOnlyForDeploymentPostprocessing = 0;
		};
		53DDAAB62CE3AC19001EFF5B /* Frameworks */ = {
			isa = PBXFrameworksBuildPhase;
			buildActionMask = 2147483647;
			files = (
			);
			runOnlyForDeploymentPostprocessing = 0;
		};
		53DDAAC02CE3AC19001EFF5B /* Frameworks */ = {
			isa = PBXFrameworksBuildPhase;
			buildActionMask = 2147483647;
			files = (
			);
			runOnlyForDeploymentPostprocessing = 0;
		};
/* End PBXFrameworksBuildPhase section */

/* Begin PBXGroup section */
		53DDAAA02CE3AC18001EFF5B = {
			isa = PBXGroup;
			children = (
				53DDAAAB2CE3AC18001EFF5B /* GItPractice2 */,
				53DDAABC2CE3AC19001EFF5B /* GItPractice2Tests */,
				53DDAAC62CE3AC19001EFF5B /* GItPractice2UITests */,
				53DDAAAA2CE3AC18001EFF5B /* Products */,
			);
			sourceTree = "<group>";
		};
		53DDAAAA2CE3AC18001EFF5B /* Products */ = {
			isa = PBXGroup;
			children = (
				53DDAAA92CE3AC18001EFF5B /* GItPractice2.app */,
				53DDAAB92CE3AC19001EFF5B /* GItPractice2Tests.xctest */,
				53DDAAC32CE3AC19001EFF5B /* GItPractice2UITests.xctest */,
			);
			name = Products;
			sourceTree = "<group>";
		};
/* End PBXGroup section */

/* Begin PBXNativeTarget section */
		53DDAAA82CE3AC18001EFF5B /* GItPractice2 */ = {
			isa = PBXNativeTarget;
			buildConfigurationList = 53DDAACD2CE3AC19001EFF5B /* Build configuration list for PBXNativeTarget "GItPractice2" */;
			buildPhases = (
				53DDAAA52CE3AC18001EFF5B /* Sources */,
				53DDAAA62CE3AC18001EFF5B /* Frameworks */,
				53DDAAA72CE3AC18001EFF5B /* Resources */,
			);
			buildRules = (
			);
			dependencies = (
			);
			fileSystemSynchronizedGroups = (
				53DDAAAB2CE3AC18001EFF5B /* GItPractice2 */,
			);
			name = GItPractice2;
			packageProductDependencies = (
			);
			productName = GItPractice2;
			productReference = 53DDAAA92CE3AC18001EFF5B /* GItPractice2.app */;
			productType = "com.apple.product-type.application";
		};
		53DDAAB82CE3AC19001EFF5B /* GItPractice2Tests */ = {
			isa = PBXNativeTarget;
			buildConfigurationList = 53DDAAD02CE3AC19001EFF5B /* Build configuration list for PBXNativeTarget "GItPractice2Tests" */;
			buildPhases = (
				53DDAAB52CE3AC19001EFF5B /* Sources */,
				53DDAAB62CE3AC19001EFF5B /* Frameworks */,
				53DDAAB72CE3AC19001EFF5B /* Resources */,
			);
			buildRules = (
			);
			dependencies = (
				53DDAABB2CE3AC19001EFF5B /* PBXTargetDependency */,
			);
			fileSystemSynchronizedGroups = (
				53DDAABC2CE3AC19001EFF5B /* GItPractice2Tests */,
			);
			name = GItPractice2Tests;
			packageProductDependencies = (
			);
			productName = GItPractice2Tests;
			productReference = 53DDAAB92CE3AC19001EFF5B /* GItPractice2Tests.xctest */;
			productType = "com.apple.product-type.bundle.unit-test";
		};
		53DDAAC22CE3AC19001EFF5B /* GItPractice2UITests */ = {
			isa = PBXNativeTarget;
			buildConfigurationList = 53DDAAD32CE3AC19001EFF5B /* Build configuration list for PBXNativeTarget "GItPractice2UITests" */;
			buildPhases = (
				53DDAABF2CE3AC19001EFF5B /* Sources */,
				53DDAAC02CE3AC19001EFF5B /* Frameworks */,
				53DDAAC12CE3AC19001EFF5B /* Resources */,
			);
			buildRules = (
			);
			dependencies = (
				53DDAAC52CE3AC19001EFF5B /* PBXTargetDependency */,
			);
			fileSystemSynchronizedGroups = (
				53DDAAC62CE3AC19001EFF5B /* GItPractice2UITests */,
			);
			name = GItPractice2UITests;
			packageProductDependencies = (
			);
			productName = GItPractice2UITests;
			productReference = 53DDAAC32CE3AC19001EFF5B /* GItPractice2UITests.xctest */;
			productType = "com.apple.product-type.bundle.ui-testing";
		};
/* End PBXNativeTarget section */

/* Begin PBXProject section */
		53DDAAA12CE3AC18001EFF5B /* Project object */ = {
			isa = PBXProject;
			attributes = {
				BuildIndependentTargetsInParallel = 1;
				LastSwiftUpdateCheck = 1600;
				LastUpgradeCheck = 1600;
				TargetAttributes = {
					53DDAAA82CE3AC18001EFF5B = {
						CreatedOnToolsVersion = 16.0;
					};
					53DDAAB82CE3AC19001EFF5B = {
						CreatedOnToolsVersion = 16.0;
						TestTargetID = 53DDAAA82CE3AC18001EFF5B;
					};
					53DDAAC22CE3AC19001EFF5B = {
						CreatedOnToolsVersion = 16.0;
						TestTargetID = 53DDAAA82CE3AC18001EFF5B;
					};
				};
			};
			buildConfigurationList = 53DDAAA42CE3AC18001EFF5B /* Build configuration list for PBXProject "GItPractice2" */;
			developmentRegion = en;
			hasScannedForEncodings = 0;
			knownRegions = (
				en,
				Base,
			);
			mainGroup = 53DDAAA02CE3AC18001EFF5B;
			minimizedProjectReferenceProxies = 1;
			preferredProjectObjectVersion = 77;
			productRefGroup = 53DDAAAA2CE3AC18001EFF5B /* Products */;
			projectDirPath = "";
			projectRoot = "";
			targets = (
				53DDAAA82CE3AC18001EFF5B /* GItPractice2 */,
				53DDAAB82CE3AC19001EFF5B /* GItPractice2Tests */,
				53DDAAC22CE3AC19001EFF5B /* GItPractice2UITests */,
			);
		};
/* End PBXProject section */

/* Begin PBXResourcesBuildPhase section */
		53DDAAA72CE3AC18001EFF5B /* Resources */ = {
			isa = PBXResourcesBuildPhase;
			buildActionMask = 2147483647;
			files = (
			);
			runOnlyForDeploymentPostprocessing = 0;
		};
		53DDAAB72CE3AC19001EFF5B /* Resources */ = {
			isa = PBXResourcesBuildPhase;
			buildActionMask = 2147483647;
			files = (
			);
			runOnlyForDeploymentPostprocessing = 0;
		};
		53DDAAC12CE3AC19001EFF5B /* Resources */ = {
			isa = PBXResourcesBuildPhase;
			buildActionMask = 2147483647;
			files = (
			);
			runOnlyForDeploymentPostprocessing = 0;
		};
/* End PBXResourcesBuildPhase section */

/* Begin PBXSourcesBuildPhase section */
		53DDAAA52CE3AC18001EFF5B /* Sources */ = {
			isa = PBXSourcesBuildPhase;
			buildActionMask = 2147483647;
			files = (
			);
			runOnlyForDeploymentPostprocessing = 0;
		};
		53DDAAB52CE3AC19001EFF5B /* Sources */ = {
			isa = PBXSourcesBuildPhase;
			buildActionMask = 2147483647;
			files = (
			);
			runOnlyForDeploymentPostprocessing = 0;
		};
		53DDAABF2CE3AC19001EFF5B /* Sources */ = {
			isa = PBXSourcesBuildPhase;
			buildActionMask = 2147483647;
			files = (
			);
			runOnlyForDeploymentPostprocessing = 0;
		};
/* End PBXSourcesBuildPhase section */

/* Begin PBXTargetDependency section */
		53DDAABB2CE3AC19001EFF5B /* PBXTargetDependency */ = {
			isa = PBXTargetDependency;
			target = 53DDAAA82CE3AC18001EFF5B /* GItPractice2 */;
			targetProxy = 53DDAABA2CE3AC19001EFF5B /* PBXContainerItemProxy */;
		};
		53DDAAC52CE3AC19001EFF5B /* PBXTargetDependency */ = {
			isa = PBXTargetDependency;
			target = 53DDAAA82CE3AC18001EFF5B /* GItPractice2 */;
			targetProxy = 53DDAAC42CE3AC19001EFF5B /* PBXContainerItemProxy */;
		};
/* End PBXTargetDependency section */

/* Begin XCBuildConfiguration section */
		53DDAACB2CE3AC19001EFF5B /* Debug */ = {
			isa = XCBuildConfiguration;
			buildSettings = {
				ALWAYS_SEARCH_USER_PATHS = NO;
				ASSETCATALOG_COMPILER_GENERATE_SWIFT_ASSET_SYMBOL_EXTENSIONS = YES;
				CLANG_ANALYZER_NONNULL = YES;
				CLANG_ANALYZER_NUMBER_OBJECT_CONVERSION = YES_AGGRESSIVE;
				CLANG_CXX_LANGUAGE_STANDARD = "gnu++20";
				CLANG_ENABLE_MODULES = YES;
				CLANG_ENABLE_OBJC_ARC = YES;
				CLANG_ENABLE_OBJC_WEAK = YES;
				CLANG_WARN_BLOCK_CAPTURE_AUTORELEASING = YES;
				CLANG_WARN_BOOL_CONVERSION = YES;
				CLANG_WARN_COMMA = YES;
				CLANG_WARN_CONSTANT_CONVERSION = YES;
				CLANG_WARN_DEPRECATED_OBJC_IMPLEMENTATIONS = YES;
				CLANG_WARN_DIRECT_OBJC_ISA_USAGE = YES_ERROR;
				CLANG_WARN_DOCUMENTATION_COMMENTS = YES;
				CLANG_WARN_EMPTY_BODY = YES;
				CLANG_WARN_ENUM_CONVERSION = YES;
				CLANG_WARN_INFINITE_RECURSION = YES;
				CLANG_WARN_INT_CONVERSION = YES;
				CLANG_WARN_NON_LITERAL_NULL_CONVERSION = YES;
				CLANG_WARN_OBJC_IMPLICIT_RETAIN_SELF = YES;
				CLANG_WARN_OBJC_LITERAL_CONVERSION = YES;
				CLANG_WARN_OBJC_ROOT_CLASS = YES_ERROR;
				CLANG_WARN_QUOTED_INCLUDE_IN_FRAMEWORK_HEADER = YES;
				CLANG_WARN_RANGE_LOOP_ANALYSIS = YES;
				CLANG_WARN_STRICT_PROTOTYPES = YES;
				CLANG_WARN_SUSPICIOUS_MOVE = YES;
				CLANG_WARN_UNGUARDED_AVAILABILITY = YES_AGGRESSIVE;
				CLANG_WARN_UNREACHABLE_CODE = YES;
				CLANG_WARN__DUPLICATE_METHOD_MATCH = YES;
				COPY_PHASE_STRIP = NO;
				DEBUG_INFORMATION_FORMAT = dwarf;
				ENABLE_STRICT_OBJC_MSGSEND = YES;
				ENABLE_TESTABILITY = YES;
				ENABLE_USER_SCRIPT_SANDBOXING = YES;
				GCC_C_LANGUAGE_STANDARD = gnu17;
				GCC_DYNAMIC_NO_PIC = NO;
				GCC_NO_COMMON_BLOCKS = YES;
				GCC_OPTIMIZATION_LEVEL = 0;
				GCC_PREPROCESSOR_DEFINITIONS = (
					"DEBUG=1",
					"$(inherited)",
				);
				GCC_WARN_64_TO_32_BIT_CONVERSION = YES;
				GCC_WARN_ABOUT_RETURN_TYPE = YES_ERROR;
				GCC_WARN_UNDECLARED_SELECTOR = YES;
				GCC_WARN_UNINITIALIZED_AUTOS = YES_AGGRESSIVE;
				GCC_WARN_UNUSED_FUNCTION = YES;
				GCC_WARN_UNUSED_VARIABLE = YES;
				IPHONEOS_DEPLOYMENT_TARGET = 18.0;
				LOCALIZATION_PREFERS_STRING_CATALOGS = YES;
				MTL_ENABLE_DEBUG_INFO = INCLUDE_SOURCE;
				MTL_FAST_MATH = YES;
				ONLY_ACTIVE_ARCH = YES;
				SDKROOT = iphoneos;
				SWIFT_ACTIVE_COMPILATION_CONDITIONS = "DEBUG $(inherited)";
				SWIFT_OPTIMIZATION_LEVEL = "-Onone";
			};
			name = Debug;
		};
		53DDAACC2CE3AC19001EFF5B /* Release */ = {
			isa = XCBuildConfiguration;
			buildSettings = {
				ALWAYS_SEARCH_USER_PATHS = NO;
				ASSETCATALOG_COMPILER_GENERATE_SWIFT_ASSET_SYMBOL_EXTENSIONS = YES;
				CLANG_ANALYZER_NONNULL = YES;
				CLANG_ANALYZER_NUMBER_OBJECT_CONVERSION = YES_AGGRESSIVE;
				CLANG_CXX_LANGUAGE_STANDARD = "gnu++20";
				CLANG_ENABLE_MODULES = YES;
				CLANG_ENABLE_OBJC_ARC = YES;
				CLANG_ENABLE_OBJC_WEAK = YES;
				CLANG_WARN_BLOCK_CAPTURE_AUTORELEASING = YES;
				CLANG_WARN_BOOL_CONVERSION = YES;
				CLANG_WARN_COMMA = YES;
				CLANG_WARN_CONSTANT_CONVERSION = YES;
				CLANG_WARN_DEPRECATED_OBJC_IMPLEMENTATIONS = YES;
				CLANG_WARN_DIRECT_OBJC_ISA_USAGE = YES_ERROR;
				CLANG_WARN_DOCUMENTATION_COMMENTS = YES;
				CLANG_WARN_EMPTY_BODY = YES;
				CLANG_WARN_ENUM_CONVERSION = YES;
				CLANG_WARN_INFINITE_RECURSION = YES;
				CLANG_WARN_INT_CONVERSION = YES;
				CLANG_WARN_NON_LITERAL_NULL_CONVERSION = YES;
				CLANG_WARN_OBJC_IMPLICIT_RETAIN_SELF = YES;
				CLANG_WARN_OBJC_LITERAL_CONVERSION = YES;
				CLANG_WARN_OBJC_ROOT_CLASS = YES_ERROR;
				CLANG_WARN_QUOTED_INCLUDE_IN_FRAMEWORK_HEADER = YES;
				CLANG_WARN_RANGE_LOOP_ANALYSIS = YES;
				CLANG_WARN_STRICT_PROTOTYPES = YES;
				CLANG_WARN_SUSPICIOUS_MOVE = YES;
				CLANG_WARN_UNGUARDED_AVAILABILITY = YES_AGGRESSIVE;
				CLANG_WARN_UNREACHABLE_CODE = YES;
				CLANG_WARN__DUPLICATE_METHOD_MATCH = YES;
				COPY_PHASE_STRIP = NO;
				DEBUG_INFORMATION_FORMAT = "dwarf-with-dsym";
				ENABLE_NS_ASSERTIONS = NO;
				ENABLE_STRICT_OBJC_MSGSEND = YES;
				ENABLE_USER_SCRIPT_SANDBOXING = YES;
				GCC_C_LANGUAGE_STANDARD = gnu17;
				GCC_NO_COMMON_BLOCKS = YES;
				GCC_WARN_64_TO_32_BIT_CONVERSION = YES;
				GCC_WARN_ABOUT_RETURN_TYPE = YES_ERROR;
				GCC_WARN_UNDECLARED_SELECTOR = YES;
				GCC_WARN_UNINITIALIZED_AUTOS = YES_AGGRESSIVE;
				GCC_WARN_UNUSED_FUNCTION = YES;
				GCC_WARN_UNUSED_VARIABLE = YES;
				IPHONEOS_DEPLOYMENT_TARGET = 18.0;
				LOCALIZATION_PREFERS_STRING_CATALOGS = YES;
				MTL_ENABLE_DEBUG_INFO = NO;
				MTL_FAST_MATH = YES;
				SDKROOT = iphoneos;
				SWIFT_COMPILATION_MODE = wholemodule;
				VALIDATE_PRODUCT = YES;
			};
			name = Release;
		};
		53DDAACE2CE3AC19001EFF5B /* Debug */ = {
			isa = XCBuildConfiguration;
			buildSettings = {
				ASSETCATALOG_COMPILER_APPICON_NAME = AppIcon;
				ASSETCATALOG_COMPILER_GLOBAL_ACCENT_COLOR_NAME = AccentColor;
				CODE_SIGN_STYLE = Automatic;
				CURRENT_PROJECT_VERSION = 1;
				DEVELOPMENT_ASSET_PATHS = "\"GItPractice2/Preview Content\"";
				ENABLE_PREVIEWS = YES;
				GENERATE_INFOPLIST_FILE = YES;
				INFOPLIST_KEY_UIApplicationSceneManifest_Generation = YES;
				INFOPLIST_KEY_UIApplicationSupportsIndirectInputEvents = YES;
				INFOPLIST_KEY_UILaunchScreen_Generation = YES;
				INFOPLIST_KEY_UISupportedInterfaceOrientations_iPad = "UIInterfaceOrientationPortrait UIInterfaceOrientationPortraitUpsideDown UIInterfaceOrientationLandscapeLeft UIInterfaceOrientationLandscapeRight";
				INFOPLIST_KEY_UISupportedInterfaceOrientations_iPhone = "UIInterfaceOrientationPortrait UIInterfaceOrientationLandscapeLeft UIInterfaceOrientationLandscapeRight";
				LD_RUNPATH_SEARCH_PATHS = (
					"$(inherited)",
					"@executable_path/Frameworks",
				);
				MARKETING_VERSION = 1.0;
				PRODUCT_BUNDLE_IDENTIFIER = com.hello.GItPractice2;
				PRODUCT_NAME = "$(TARGET_NAME)";
				SWIFT_EMIT_LOC_STRINGS = YES;
				SWIFT_VERSION = 5.0;
				TARGETED_DEVICE_FAMILY = "1,2";
			};
			name = Debug;
		};
		53DDAACF2CE3AC19001EFF5B /* Release */ = {
			isa = XCBuildConfiguration;
			buildSettings = {
				ASSETCATALOG_COMPILER_APPICON_NAME = AppIcon;
				ASSETCATALOG_COMPILER_GLOBAL_ACCENT_COLOR_NAME = AccentColor;
				CODE_SIGN_STYLE = Automatic;
				CURRENT_PROJECT_VERSION = 1;
				DEVELOPMENT_ASSET_PATHS = "\"GItPractice2/Preview Content\"";
				ENABLE_PREVIEWS = YES;
				GENERATE_INFOPLIST_FILE = YES;
				INFOPLIST_KEY_UIApplicationSceneManifest_Generation = YES;
				INFOPLIST_KEY_UIApplicationSupportsIndirectInputEvents = YES;
				INFOPLIST_KEY_UILaunchScreen_Generation = YES;
				INFOPLIST_KEY_UISupportedInterfaceOrientations_iPad = "UIInterfaceOrientationPortrait UIInterfaceOrientationPortraitUpsideDown UIInterfaceOrientationLandscapeLeft UIInterfaceOrientationLandscapeRight";
				INFOPLIST_KEY_UISupportedInterfaceOrientations_iPhone = "UIInterfaceOrientationPortrait UIInterfaceOrientationLandscapeLeft UIInterfaceOrientationLandscapeRight";
				LD_RUNPATH_SEARCH_PATHS = (
					"$(inherited)",
					"@executable_path/Frameworks",
				);
				MARKETING_VERSION = 1.0;
				PRODUCT_BUNDLE_IDENTIFIER = com.hello.GItPractice2;
				PRODUCT_NAME = "$(TARGET_NAME)";
				SWIFT_EMIT_LOC_STRINGS = YES;
				SWIFT_VERSION = 5.0;
				TARGETED_DEVICE_FAMILY = "1,2";
			};
			name = Release;
		};
		53DDAAD12CE3AC19001EFF5B /* Debug */ = {
			isa = XCBuildConfiguration;
			buildSettings = {
				BUNDLE_LOADER = "$(TEST_HOST)";
				CODE_SIGN_STYLE = Automatic;
				CURRENT_PROJECT_VERSION = 1;
				GENERATE_INFOPLIST_FILE = YES;
				IPHONEOS_DEPLOYMENT_TARGET = 18.0;
				MARKETING_VERSION = 1.0;
				PRODUCT_BUNDLE_IDENTIFIER = com.hello.GItPractice2Tests;
				PRODUCT_NAME = "$(TARGET_NAME)";
				SWIFT_EMIT_LOC_STRINGS = NO;
				SWIFT_VERSION = 5.0;
				TARGETED_DEVICE_FAMILY = "1,2";
				TEST_HOST = "$(BUILT_PRODUCTS_DIR)/GItPractice2.app/$(BUNDLE_EXECUTABLE_FOLDER_PATH)/GItPractice2";
			};
			name = Debug;
		};
		53DDAAD22CE3AC19001EFF5B /* Release */ = {
			isa = XCBuildConfiguration;
			buildSettings = {
				BUNDLE_LOADER = "$(TEST_HOST)";
				CODE_SIGN_STYLE = Automatic;
				CURRENT_PROJECT_VERSION = 1;
				GENERATE_INFOPLIST_FILE = YES;
				IPHONEOS_DEPLOYMENT_TARGET = 18.0;
				MARKETING_VERSION = 1.0;
				PRODUCT_BUNDLE_IDENTIFIER = com.hello.GItPractice2Tests;
				PRODUCT_NAME = "$(TARGET_NAME)";
				SWIFT_EMIT_LOC_STRINGS = NO;
				SWIFT_VERSION = 5.0;
				TARGETED_DEVICE_FAMILY = "1,2";
				TEST_HOST = "$(BUILT_PRODUCTS_DIR)/GItPractice2.app/$(BUNDLE_EXECUTABLE_FOLDER_PATH)/GItPractice2";
			};
			name = Release;
		};
		53DDAAD42CE3AC19001EFF5B /* Debug */ = {
			isa = XCBuildConfiguration;
			buildSettings = {
				CODE_SIGN_STYLE = Automatic;
				CURRENT_PROJECT_VERSION = 1;
				GENERATE_INFOPLIST_FILE = YES;
				MARKETING_VERSION = 1.0;
				PRODUCT_BUNDLE_IDENTIFIER = com.hello.GItPractice2UITests;
				PRODUCT_NAME = "$(TARGET_NAME)";
				SWIFT_EMIT_LOC_STRINGS = NO;
				SWIFT_VERSION = 5.0;
				TARGETED_DEVICE_FAMILY = "1,2";
				TEST_TARGET_NAME = GItPractice2;
			};
			name = Debug;
		};
		53DDAAD52CE3AC19001EFF5B /* Release */ = {
			isa = XCBuildConfiguration;
			buildSettings = {
				CODE_SIGN_STYLE = Automatic;
				CURRENT_PROJECT_VERSION = 1;
				GENERATE_INFOPLIST_FILE = YES;
				MARKETING_VERSION = 1.0;
				PRODUCT_BUNDLE_IDENTIFIER = com.hello.GItPractice2UITests;
				PRODUCT_NAME = "$(TARGET_NAME)";
				SWIFT_EMIT_LOC_STRINGS = NO;
				SWIFT_VERSION = 5.0;
				TARGETED_DEVICE_FAMILY = "1,2";
				TEST_TARGET_NAME = GItPractice2;
			};
			name = Release;
		};
/* End XCBuildConfiguration section */

/* Begin XCConfigurationList section */
		53DDAAA42CE3AC18001EFF5B /* Build configuration list for PBXProject "GItPractice2" */ = {
			isa = XCConfigurationList;
			buildConfigurations = (
				53DDAACB2CE3AC19001EFF5B /* Debug */,
				53DDAACC2CE3AC19001EFF5B /* Release */,
			);
			defaultConfigurationIsVisible = 0;
			defaultConfigurationName = Release;
		};
		53DDAACD2CE3AC19001EFF5B /* Build configuration list for PBXNativeTarget "GItPractice2" */ = {
			isa = XCConfigurationList;
			buildConfigurations = (
				53DDAACE2CE3AC19001EFF5B /* Debug */,
				53DDAACF2CE3AC19001EFF5B /* Release */,
			);
			defaultConfigurationIsVisible = 0;
			defaultConfigurationName = Release;
		};
		53DDAAD02CE3AC19001EFF5B /* Build configuration list for PBXNativeTarget "GItPractice2Tests" */ = {
			isa = XCConfigurationList;
			buildConfigurations = (
				53DDAAD12CE3AC19001EFF5B /* Debug */,
				53DDAAD22CE3AC19001EFF5B /* Release */,
			);
			defaultConfigurationIsVisible = 0;
			defaultConfigurationName = Release;
		};
		53DDAAD32CE3AC19001EFF5B /* Build configuration list for PBXNativeTarget "GItPractice2UITests" */ = {
			isa = XCConfigurationList;
			buildConfigurations = (
				53DDAAD42CE3AC19001EFF5B /* Debug */,
				53DDAAD52CE3AC19001EFF5B /* Release */,
			);
			defaultConfigurationIsVisible = 0;
			defaultConfigurationName = Release;
		};
/* End XCConfigurationList section */
	};
	rootObject = 53DDAAA12CE3AC18001EFF5B /* Project object */;
}
